// !$*UTF8*$!
{
	archiveVersion = 1;
	classes = {
	};
	objectVersion = 55;
	objects = {

/* Begin PBXBuildFile section */
		732E8F5D275A44EB0044A213 /* AppDelegate.swift in Sources */ = {isa = PBXBuildFile; fileRef = 732E8F5C275A44EB0044A213 /* AppDelegate.swift */; };
		732E8F5F275A44EB0044A213 /* SceneDelegate.swift in Sources */ = {isa = PBXBuildFile; fileRef = 732E8F5E275A44EB0044A213 /* SceneDelegate.swift */; };
		732E8F61275A44EB0044A213 /* ViewController.swift in Sources */ = {isa = PBXBuildFile; fileRef = 732E8F60275A44EB0044A213 /* ViewController.swift */; };
		732E8F64275A44EB0044A213 /* Main.storyboard in Resources */ = {isa = PBXBuildFile; fileRef = 732E8F62275A44EB0044A213 /* Main.storyboard */; };
		732E8F66275A44ED0044A213 /* Assets.xcassets in Resources */ = {isa = PBXBuildFile; fileRef = 732E8F65275A44ED0044A213 /* Assets.xcassets */; };
		732E8F69275A44ED0044A213 /* LaunchScreen.storyboard in Resources */ = {isa = PBXBuildFile; fileRef = 732E8F67275A44ED0044A213 /* LaunchScreen.storyboard */; };
		732E8F73275A464A0044A213 /* Picture.swift in Sources */ = {isa = PBXBuildFile; fileRef = 732E8F72275A464A0044A213 /* Picture.swift */; };
		732E8F76275A69FF0044A213 /* DetailViewController.swift in Sources */ = {isa = PBXBuildFile; fileRef = 732E8F75275A69FF0044A213 /* DetailViewController.swift */; };
		732E8F78275A6B310044A213 /* PictureCell.swift in Sources */ = {isa = PBXBuildFile; fileRef = 732E8F77275A6B310044A213 /* PictureCell.swift */; };
/* End PBXBuildFile section */

/* Begin PBXFileReference section */
		732E8F59275A44EB0044A213 /* showMyPictures.app */ = {isa = PBXFileReference; explicitFileType = wrapper.application; includeInIndex = 0; path = showMyPictures.app; sourceTree = BUILT_PRODUCTS_DIR; };
		732E8F5C275A44EB0044A213 /* AppDelegate.swift */ = {isa = PBXFileReference; lastKnownFileType = sourcecode.swift; path = AppDelegate.swift; sourceTree = "<group>"; };
		732E8F5E275A44EB0044A213 /* SceneDelegate.swift */ = {isa = PBXFileReference; lastKnownFileType = sourcecode.swift; path = SceneDelegate.swift; sourceTree = "<group>"; };
		732E8F60275A44EB0044A213 /* ViewController.swift */ = {isa = PBXFileReference; lastKnownFileType = sourcecode.swift; path = ViewController.swift; sourceTree = "<group>"; };
		732E8F63275A44EB0044A213 /* Base */ = {isa = PBXFileReference; lastKnownFileType = file.storyboard; name = Base; path = Base.lproj/Main.storyboard; sourceTree = "<group>"; };
		732E8F65275A44ED0044A213 /* Assets.xcassets */ = {isa = PBXFileReference; lastKnownFileType = folder.assetcatalog; path = Assets.xcassets; sourceTree = "<group>"; };
		732E8F68275A44ED0044A213 /* Base */ = {isa = PBXFileReference; lastKnownFileType = file.storyboard; name = Base; path = Base.lproj/LaunchScreen.storyboard; sourceTree = "<group>"; };
		732E8F6A275A44ED0044A213 /* Info.plist */ = {isa = PBXFileReference; lastKnownFileType = text.plist.xml; path = Info.plist; sourceTree = "<group>"; };
		732E8F72275A464A0044A213 /* Picture.swift */ = {isa = PBXFileReference; lastKnownFileType = sourcecode.swift; path = Picture.swift; sourceTree = "<group>"; };
		732E8F75275A69FF0044A213 /* DetailViewController.swift */ = {isa = PBXFileReference; lastKnownFileType = sourcecode.swift; path = DetailViewController.swift; sourceTree = "<group>"; };
		732E8F77275A6B310044A213 /* PictureCell.swift */ = {isa = PBXFileReference; lastKnownFileType = sourcecode.swift; path = PictureCell.swift; sourceTree = "<group>"; };
/* End PBXFileReference section */

/* Begin PBXFrameworksBuildPhase section */
		732E8F56275A44EB0044A213 /* Frameworks */ = {
			isa = PBXFrameworksBuildPhase;
			buildActionMask = 2147483647;
			files = (
			);
			runOnlyForDeploymentPostprocessing = 0;
		};
/* End PBXFrameworksBuildPhase section */

/* Begin PBXGroup section */
		732E8F50275A44EB0044A213 = {
			isa = PBXGroup;
			children = (
				732E8F5B275A44EB0044A213 /* showMyPictures */,
				732E8F5A275A44EB0044A213 /* Products */,
			);
			sourceTree = "<group>";
		};
		732E8F5A275A44EB0044A213 /* Products */ = {
			isa = PBXGroup;
			children = (
				732E8F59275A44EB0044A213 /* showMyPictures.app */,
			);
			name = Products;
			sourceTree = "<group>";
		};
		732E8F5B275A44EB0044A213 /* showMyPictures */ = {
			isa = PBXGroup;
			children = (
				732E8F74275A46580044A213 /* Model */,
				732E8F71275A45DE0044A213 /* Controller */,
				732E8F70275A45D20044A213 /* View */,
				732E8F5C275A44EB0044A213 /* AppDelegate.swift */,
				732E8F5E275A44EB0044A213 /* SceneDelegate.swift */,
				732E8F65275A44ED0044A213 /* Assets.xcassets */,
				732E8F6A275A44ED0044A213 /* Info.plist */,
			);
			path = showMyPictures;
			sourceTree = "<group>";
		};
		732E8F70275A45D20044A213 /* View */ = {
			isa = PBXGroup;
			children = (
				732E8F62275A44EB0044A213 /* Main.storyboard */,
				732E8F67275A44ED0044A213 /* LaunchScreen.storyboard */,
			);
			path = View;
			sourceTree = "<group>";
		};
		732E8F71275A45DE0044A213 /* Controller */ = {
			isa = PBXGroup;
			children = (
				732E8F60275A44EB0044A213 /* ViewController.swift */,
				732E8F75275A69FF0044A213 /* DetailViewController.swift */,
			);
			path = Controller;
			sourceTree = "<group>";
		};
		732E8F74275A46580044A213 /* Model */ = {
			isa = PBXGroup;
			children = (
				732E8F72275A464A0044A213 /* Picture.swift */,
				732E8F77275A6B310044A213 /* PictureCell.swift */,
			);
			path = Model;
			sourceTree = "<group>";
		};
/* End PBXGroup section */

/* Begin PBXNativeTarget section */
		732E8F58275A44EB0044A213 /* showMyPictures */ = {
			isa = PBXNativeTarget;
			buildConfigurationList = 732E8F6D275A44ED0044A213 /* Build configuration list for PBXNativeTarget "showMyPictures" */;
			buildPhases = (
				732E8F55275A44EB0044A213 /* Sources */,
				732E8F56275A44EB0044A213 /* Frameworks */,
				732E8F57275A44EB0044A213 /* Resources */,
			);
			buildRules = (
			);
			dependencies = (
			);
			name = showMyPictures;
			productName = showMyPictures;
			productReference = 732E8F59275A44EB0044A213 /* showMyPictures.app */;
			productType = "com.apple.product-type.application";
		};
/* End PBXNativeTarget section */

/* Begin PBXProject section */
		732E8F51275A44EB0044A213 /* Project object */ = {
			isa = PBXProject;
			attributes = {
				BuildIndependentTargetsInParallel = 1;
				LastSwiftUpdateCheck = 1310;
				LastUpgradeCheck = 1310;
				TargetAttributes = {
					732E8F58275A44EB0044A213 = {
						CreatedOnToolsVersion = 13.1;
					};
				};
			};
			buildConfigurationList = 732E8F54275A44EB0044A213 /* Build configuration list for PBXProject "showMyPictures" */;
			compatibilityVersion = "Xcode 13.0";
			developmentRegion = en;
			hasScannedForEncodings = 0;
			knownRegions = (
				en,
				Base,
			);
			mainGroup = 732E8F50275A44EB0044A213;
			productRefGroup = 732E8F5A275A44EB0044A213 /* Products */;
			projectDirPath = "";
			projectRoot = "";
			targets = (
				732E8F58275A44EB0044A213 /* showMyPictures */,
			);
		};
/* End PBXProject section */

/* Begin PBXResourcesBuildPhase section */
		732E8F57275A44EB0044A213 /* Resources */ = {
			isa = PBXResourcesBuildPhase;
			buildActionMask = 2147483647;
			files = (
				732E8F69275A44ED0044A213 /* LaunchScreen.storyboard in Resources */,
				732E8F66275A44ED0044A213 /* Assets.xcassets in Resources */,
				732E8F64275A44EB0044A213 /* Main.storyboard in Resources */,
			);
			runOnlyForDeploymentPostprocessing = 0;
		};
/* End PBXResourcesBuildPhase section */

/* Begin PBXSourcesBuildPhase section */
		732E8F55275A44EB0044A213 /* Sources */ = {
			isa = PBXSourcesBuildPhase;
			buildActionMask = 2147483647;
			files = (
				732E8F61275A44EB0044A213 /* ViewController.swift in Sources */,
				732E8F73275A464A0044A213 /* Picture.swift in Sources */,
				732E8F78275A6B310044A213 /* PictureCell.swift in Sources */,
				732E8F76275A69FF0044A213 /* DetailViewController.swift in Sources */,
				732E8F5D275A44EB0044A213 /* AppDelegate.swift in Sources */,
				732E8F5F275A44EB0044A213 /* SceneDelegate.swift in Sources */,
			);
			runOnlyForDeploymentPostprocessing = 0;
		};
/* End PBXSourcesBuildPhase section */

/* Begin PBXVariantGroup section */
		732E8F62275A44EB0044A213 /* Main.storyboard */ = {
			isa = PBXVariantGroup;
			children = (
				732E8F63275A44EB0044A213 /* Base */,
			);
			name = Main.storyboard;
			sourceTree = "<group>";
		};
		732E8F67275A44ED0044A213 /* LaunchScreen.storyboard */ = {
			isa = PBXVariantGroup;
			children = (
				732E8F68275A44ED0044A213 /* Base */,
			);
			name = LaunchScreen.storyboard;
			sourceTree = "<group>";
		};
/* End PBXVariantGroup section */

/* Begin XCBuildConfiguration section */
		732E8F6B275A44ED0044A213 /* Debug */ = {
			isa = XCBuildConfiguration;
			buildSettings = {
				ALWAYS_SEARCH_USER_PATHS = NO;
				CLANG_ANALYZER_NONNULL = YES;
				CLANG_ANALYZER_NUMBER_OBJECT_CONVERSION = YES_AGGRESSIVE;
				CLANG_CXX_LANGUAGE_STANDARD = "gnu++17";
				CLANG_CXX_LIBRARY = "libc++";
				CLANG_ENABLE_MODULES = YES;
				CLANG_ENABLE_OBJC_ARC = YES;
				CLANG_ENABLE_OBJC_WEAK = YES;
				CLANG_WARN_BLOCK_CAPTURE_AUTORELEASING = YES;
				CLANG_WARN_BOOL_CONVERSION = YES;
				CLANG_WARN_COMMA = YES;
				CLANG_WARN_CONSTANT_CONVERSION = YES;
				CLANG_WARN_DEPRECATED_OBJC_IMPLEMENTATIONS = YES;
				CLANG_WARN_DIRECT_OBJC_ISA_USAGE = YES_ERROR;
				CLANG_WARN_DOCUMENTATION_COMMENTS = YES;
				CLANG_WARN_EMPTY_BODY = YES;
				CLANG_WARN_ENUM_CONVERSION = YES;
				CLANG_WARN_INFINITE_RECURSION = YES;
				CLANG_WARN_INT_CONVERSION = YES;
				CLANG_WARN_NON_LITERAL_NULL_CONVERSION = YES;
				CLANG_WARN_OBJC_IMPLICIT_RETAIN_SELF = YES;
				CLANG_WARN_OBJC_LITERAL_CONVERSION = YES;
				CLANG_WARN_OBJC_ROOT_CLASS = YES_ERROR;
				CLANG_WARN_QUOTED_INCLUDE_IN_FRAMEWORK_HEADER = YES;
				CLANG_WARN_RANGE_LOOP_ANALYSIS = YES;
				CLANG_WARN_STRICT_PROTOTYPES = YES;
				CLANG_WARN_SUSPICIOUS_MOVE = YES;
				CLANG_WARN_UNGUARDED_AVAILABILITY = YES_AGGRESSIVE;
				CLANG_WARN_UNREACHABLE_CODE = YES;
				CLANG_WARN__DUPLICATE_METHOD_MATCH = YES;
				COPY_PHASE_STRIP = NO;
				DEBUG_INFORMATION_FORMAT = dwarf;
				ENABLE_STRICT_OBJC_MSGSEND = YES;
				ENABLE_TESTABILITY = YES;
				GCC_C_LANGUAGE_STANDARD = gnu11;
				GCC_DYNAMIC_NO_PIC = NO;
				GCC_NO_COMMON_BLOCKS = YES;
				GCC_OPTIMIZATION_LEVEL = 0;
				GCC_PREPROCESSOR_DEFINITIONS = (
					"DEBUG=1",
					"$(inherited)",
				);
				GCC_WARN_64_TO_32_BIT_CONVERSION = YES;
				GCC_WARN_ABOUT_RETURN_TYPE = YES_ERROR;
				GCC_WARN_UNDECLARED_SELECTOR = YES;
				GCC_WARN_UNINITIALIZED_AUTOS = YES_AGGRESSIVE;
				GCC_WARN_UNUSED_FUNCTION = YES;
				GCC_WARN_UNUSED_VARIABLE = YES;
				IPHONEOS_DEPLOYMENT_TARGET = 15.0;
				MTL_ENABLE_DEBUG_INFO = INCLUDE_SOURCE;
				MTL_FAST_MATH = YES;
				ONLY_ACTIVE_ARCH = YES;
				SDKROOT = iphoneos;
				SWIFT_ACTIVE_COMPILATION_CONDITIONS = DEBUG;
				SWIFT_OPTIMIZATION_LEVEL = "-Onone";
			};
			name = Debug;
		};
		732E8F6C275A44ED0044A213 /* Release */ = {
			isa = XCBuildConfiguration;
			buildSettings = {
				ALWAYS_SEARCH_USER_PATHS = NO;
				CLANG_ANALYZER_NONNULL = YES;
				CLANG_ANALYZER_NUMBER_OBJECT_CONVERSION = YES_AGGRESSIVE;
				CLANG_CXX_LANGUAGE_STANDARD = "gnu++17";
				CLANG_CXX_LIBRARY = "libc++";
				CLANG_ENABLE_MODULES = YES;
				CLANG_ENABLE_OBJC_ARC = YES;
				CLANG_ENABLE_OBJC_WEAK = YES;
				CLANG_WARN_BLOCK_CAPTURE_AUTORELEASING = YES;
				CLANG_WARN_BOOL_CONVERSION = YES;
				CLANG_WARN_COMMA = YES;
				CLANG_WARN_CONSTANT_CONVERSION = YES;
				CLANG_WARN_DEPRECATED_OBJC_IMPLEMENTATIONS = YES;
				CLANG_WARN_DIRECT_OBJC_ISA_USAGE = YES_ERROR;
				CLANG_WARN_DOCUMENTATION_COMMENTS = YES;
				CLANG_WARN_EMPTY_BODY = YES;
				CLANG_WARN_ENUM_CONVERSION = YES;
				CLANG_WARN_INFINITE_RECURSION = YES;
				CLANG_WARN_INT_CONVERSION = YES;
				CLANG_WARN_NON_LITERAL_NULL_CONVERSION = YES;
				CLANG_WARN_OBJC_IMPLICIT_RETAIN_SELF = YES;
				CLANG_WARN_OBJC_LITERAL_CONVERSION = YES;
				CLANG_WARN_OBJC_ROOT_CLASS = YES_ERROR;
				CLANG_WARN_QUOTED_INCLUDE_IN_FRAMEWORK_HEADER = YES;
				CLANG_WARN_RANGE_LOOP_ANALYSIS = YES;
				CLANG_WARN_STRICT_PROTOTYPES = YES;
				CLANG_WARN_SUSPICIOUS_MOVE = YES;
				CLANG_WARN_UNGUARDED_AVAILABILITY = YES_AGGRESSIVE;
				CLANG_WARN_UNREACHABLE_CODE = YES;
				CLANG_WARN__DUPLICATE_METHOD_MATCH = YES;
				COPY_PHASE_STRIP = NO;
				DEBUG_INFORMATION_FORMAT = "dwarf-with-dsym";
				ENABLE_NS_ASSERTIONS = NO;
				ENABLE_STRICT_OBJC_MSGSEND = YES;
				GCC_C_LANGUAGE_STANDARD = gnu11;
				GCC_NO_COMMON_BLOCKS = YES;
				GCC_WARN_64_TO_32_BIT_CONVERSION = YES;
				GCC_WARN_ABOUT_RETURN_TYPE = YES_ERROR;
				GCC_WARN_UNDECLARED_SELECTOR = YES;
				GCC_WARN_UNINITIALIZED_AUTOS = YES_AGGRESSIVE;
				GCC_WARN_UNUSED_FUNCTION = YES;
				GCC_WARN_UNUSED_VARIABLE = YES;
				IPHONEOS_DEPLOYMENT_TARGET = 15.0;
				MTL_ENABLE_DEBUG_INFO = NO;
				MTL_FAST_MATH = YES;
				SDKROOT = iphoneos;
				SWIFT_COMPILATION_MODE = wholemodule;
				SWIFT_OPTIMIZATION_LEVEL = "-O";
				VALIDATE_PRODUCT = YES;
			};
			name = Release;
		};
		732E8F6E275A44ED0044A213 /* Debug */ = {
			isa = XCBuildConfiguration;
			buildSettings = {
				ASSETCATALOG_COMPILER_APPICON_NAME = AppIcon;
				ASSETCATALOG_COMPILER_GLOBAL_ACCENT_COLOR_NAME = AccentColor;
				CODE_SIGN_STYLE = Automatic;
				CURRENT_PROJECT_VERSION = 1;
				GENERATE_INFOPLIST_FILE = YES;
				INFOPLIST_FILE = showMyPictures/Info.plist;
				INFOPLIST_KEY_UIApplicationSupportsIndirectInputEvents = YES;
				INFOPLIST_KEY_UILaunchStoryboardName = LaunchScreen;
				INFOPLIST_KEY_UIMainStoryboardFile = Main;
				INFOPLIST_KEY_UISupportedInterfaceOrientations_iPad = "UIInterfaceOrientationPortrait UIInterfaceOrientationPortraitUpsideDown UIInterfaceOrientationLandscapeLeft UIInterfaceOrientationLandscapeRight";
				INFOPLIST_KEY_UISupportedInterfaceOrientations_iPhone = "UIInterfaceOrientationPortrait UIInterfaceOrientationLandscapeLeft UIInterfaceOrientationLandscapeRight";
				LD_RUNPATH_SEARCH_PATHS = (
					"$(inherited)",
					"@executable_path/Frameworks",
				);
				MARKETING_VERSION = 1.0;
				PRODUCT_BUNDLE_IDENTIFIER = com.tojal.showMyPictures;
				PRODUCT_NAME = "$(TARGET_NAME)";
				SWIFT_EMIT_LOC_STRINGS = YES;
				SWIFT_VERSION = 5.0;
				TARGETED_DEVICE_FAMILY = "1,2";
			};
			name = Debug;
		};
		732E8F6F275A44ED0044A213 /* Release */ = {
			isa = XCBuildConfiguration;
			buildSettings = {
				ASSETCATALOG_COMPILER_APPICON_NAME = AppIcon;
				ASSETCATALOG_COMPILER_GLOBAL_ACCENT_COLOR_NAME = AccentColor;
				CODE_SIGN_STYLE = Automatic;
				CURRENT_PROJECT_VERSION = 1;
				GENERATE_INFOPLIST_FILE = YES;
				INFOPLIST_FILE = showMyPictures/Info.plist;
				INFOPLIST_KEY_UIApplicationSupportsIndirectInputEvents = YES;
				INFOPLIST_KEY_UILaunchStoryboardName = LaunchScreen;
				INFOPLIST_KEY_UIMainStoryboardFile = Main;
				INFOPLIST_KEY_UISupportedInterfaceOrientations_iPad = "UIInterfaceOrientationPortrait UIInterfaceOrientationPortraitUpsideDown UIInterfaceOrientationLandscapeLeft UIInterfaceOrientationLandscapeRight";
				INFOPLIST_KEY_UISupportedInterfaceOrientations_iPhone = "UIInterfaceOrientationPortrait UIInterfaceOrientationLandscapeLeft UIInterfaceOrientationLandscapeRight";
				LD_RUNPATH_SEARCH_PATHS = (
					"$(inherited)",
					"@executable_path/Frameworks",
				);
				MARKETING_VERSION = 1.0;
				PRODUCT_BUNDLE_IDENTIFIER = com.tojal.showMyPictures;
				PRODUCT_NAME = "$(TARGET_NAME)";
				SWIFT_EMIT_LOC_STRINGS = YES;
				SWIFT_VERSION = 5.0;
				TARGETED_DEVICE_FAMILY = "1,2";
			};
			name = Release;
		};
/* End XCBuildConfiguration section */

/* Begin XCConfigurationList section */
		732E8F54275A44EB0044A213 /* Build configuration list for PBXProject "showMyPictures" */ = {
			isa = XCConfigurationList;
			buildConfigurations = (
				732E8F6B275A44ED0044A213 /* Debug */,
				732E8F6C275A44ED0044A213 /* Release */,
			);
			defaultConfigurationIsVisible = 0;
			defaultConfigurationName = Release;
		};
		732E8F6D275A44ED0044A213 /* Build configuration list for PBXNativeTarget "showMyPictures" */ = {
			isa = XCConfigurationList;
			buildConfigurations = (
				732E8F6E275A44ED0044A213 /* Debug */,
				732E8F6F275A44ED0044A213 /* Release */,
			);
			defaultConfigurationIsVisible = 0;
			defaultConfigurationName = Release;
		};
/* End XCConfigurationList section */
	};
	rootObject = 732E8F51275A44EB0044A213 /* Project object */;
}
